
Microsoft Visual Studio Solution File, Format Version 12.00
# Visual Studio Version 16
VisualStudioVersion = 16.0.30011.22
MinimumVisualStudioVersion = 10.0.40219.1
Project("{FAE04EC0-301F-11D3-BF4B-00C04F79EFBC}") = "sinozicSebastianZapisivanje", "sinozicSebastianZapisivanje\sinozicSebastianZapisivanje.csproj", "{D741C869-50B6-40B2-B2A3-8502CEE58CBE}"
EndProject
Global
	GlobalSection(SolutionConfigurationPlatforms) = preSolution
		Debug|Any CPU = Debug|Any CPU
		Release|Any CPU = Release|Any CPU
	EndGlobalSection
	GlobalSection(ProjectConfigurationPlatforms) = postSolution
		{D741C869-50B6-40B2-B2A3-8502CEE58CBE}.Debug|Any CPU.ActiveCfg = Debug|Any CPU
		{D741C869-50B6-40B2-B2A3-8502CEE58CBE}.Debug|Any CPU.Build.0 = Debug|Any CPU
		{D741C869-50B6-40B2-B2A3-8502CEE58CBE}.Release|Any CPU.ActiveCfg = Release|Any CPU
		{D741C869-50B6-40B2-B2A3-8502CEE58CBE}.Release|Any CPU.Build.0 = Release|Any CPU
	EndGlobalSection
	GlobalSection(SolutionProperties) = preSolution
		HideSolutionNode = FALSE
	EndGlobalSection
	GlobalSection(ExtensibilityGlobals) = postSolution
		SolutionGuid = {8DAE840C-2214-4F87-8317-0627150B611E}
	EndGlobalSection
EndGlobal
